{
  "nodes": {
    "home-manager": {
      "inputs": {
        "nixpkgs": [
          "pi-flake",
          "nixpkgs"
        ]
      },
      "locked": {
        "lastModified": 1783436070,
        "narHash": "sha256-F80z1JoiJgZyTT5D+3siLOVzqmCEphLR7t0Ym/I2CLI=",
        "owner": "nix-community",
        "repo": "home-manager",
        "rev": "f09af49406ffad37acb6538d3207189a1a1e0b7e",
        "type": "github"
      },
      "original": {
        "owner": "nix-community",
        "repo": "home-manager",
        "type": "github"
      }
    },
    "nixpkgs": {
      "locked": {
        "lastModified": 1790822859,
        "narHash": "sha256-69xHQhAeMAD2wDXO7T2pcOZIF9Sga2W+JkmY2a11Ops=",
        "owner": "NixOS",
        "repo": "nixpkgs",
        "rev": "c59305bab2065cfecc4944690d9eedbb56f3a9fa",
        "type": "github"
      },
      "original": {
        "owner": "NixOS",
        "ref": "nixos-unstable",
        "repo": "nixpkgs",
        "type": "github"
      }
    },
    "pi-flake": {
      "inputs": {
        "home-manager": "home-manager",
        "nixpkgs": [
          "nixpkgs"
        ]
      },
      "locked": {
        "lastModified": 1790856699,
        "narHash": "sha256-oo8XbuqviTQIat7vmIXwhzlEvGVCbpq4b4Ey59I7gdw=",
        "owner": "ChauDucToan",
        "repo": "pi-flake",
        "rev": "69911d93fd0cdb25d86567e9ca0ac06d9f100527",
        "type": "github"
      },
      "original": {
        "owner": "ChauDucToan",
        "repo": "pi-flake",
        "type": "github"
      }
    },
    "root": {
      "inputs": {
        "nixpkgs": "nixpkgs",
        "pi-flake": "pi-flake"
      }
    }
  },
  "root": "root",
  "version": 7
}
